
Microsoft Visual Studio Solution File, Format Version 12.00
# Visual Studio Version 17
VisualStudioVersion = 17.3.32922.545
MinimumVisualStudioVersion = 10.0.40219.1
Project("{9A19103F-16F7-4668-BE54-9A1E7A4F7556}") = "BuyMyHouse", "BuyMyHouse\BuyMyHouse.csproj", "{58B19272-0450-462A-9CF2-48880EF9EDCE}"
EndProject
Project("{9A19103F-16F7-4668-BE54-9A1E7A4F7556}") = "DAL", "DAL\DAL.csproj", "{6E8C7ECB-75CC-4708-94FA-8CB1AE4FB6FC}"
EndProject
Project("{9A19103F-16F7-4668-BE54-9A1E7A4F7556}") = "Service", "Service\Service.csproj", "{6C917EE9-7C64-4266-A52E-4CDBCC9FF558}"
EndProject
Project("{9A19103F-16F7-4668-BE54-9A1E7A4F7556}") = "MailFunction", "MailFunction\MailFunction.csproj", "{8AA4EEDC-DBC9-4491-9CB3-3963F3953815}"
EndProject
Project("{9A19103F-16F7-4668-BE54-9A1E7A4F7556}") = "Domain", "Domain\Domain.csproj", "{5ABF143D-8FF6-4227-B5B1-781C58C84536}"
EndProject
Project("{9A19103F-16F7-4668-BE54-9A1E7A4F7556}") = "ProcessFunction", "ProcessFunction\ProcessFunction.csproj", "{0B3D1F1D-0EF2-4B8C-90EB-CBAC0708EB8D}"
EndProject
Global
	GlobalSection(SolutionConfigurationPlatforms) = preSolution
		Debug|Any CPU = Debug|Any CPU
		Release|Any CPU = Release|Any CPU
	EndGlobalSection
	GlobalSection(ProjectConfigurationPlatforms) = postSolution
		{58B19272-0450-462A-9CF2-48880EF9EDCE}.Debug|Any CPU.ActiveCfg = Debug|Any CPU
		{58B19272-0450-462A-9CF2-48880EF9EDCE}.Debug|Any CPU.Build.0 = Debug|Any CPU
		{58B19272-0450-462A-9CF2-48880EF9EDCE}.Release|Any CPU.ActiveCfg = Release|Any CPU
		{58B19272-0450-462A-9CF2-48880EF9EDCE}.Release|Any CPU.Build.0 = Release|Any CPU
		{6E8C7ECB-75CC-4708-94FA-8CB1AE4FB6FC}.Debug|Any CPU.ActiveCfg = Debug|Any CPU
		{6E8C7ECB-75CC-4708-94FA-8CB1AE4FB6FC}.Debug|Any CPU.Build.0 = Debug|Any CPU
		{6E8C7ECB-75CC-4708-94FA-8CB1AE4FB6FC}.Release|Any CPU.ActiveCfg = Release|Any CPU
		{6E8C7ECB-75CC-4708-94FA-8CB1AE4FB6FC}.Release|Any CPU.Build.0 = Release|Any CPU
		{6C917EE9-7C64-4266-A52E-4CDBCC9FF558}.Debug|Any CPU.ActiveCfg = Debug|Any CPU
		{6C917EE9-7C64-4266-A52E-4CDBCC9FF558}.Debug|Any CPU.Build.0 = Debug|Any CPU
		{6C917EE9-7C64-4266-A52E-4CDBCC9FF558}.Release|Any CPU.ActiveCfg = Release|Any CPU
		{6C917EE9-7C64-4266-A52E-4CDBCC9FF558}.Release|Any CPU.Build.0 = Release|Any CPU
		{8AA4EEDC-DBC9-4491-9CB3-3963F3953815}.Debug|Any CPU.ActiveCfg = Debug|Any CPU
		{8AA4EEDC-DBC9-4491-9CB3-3963F3953815}.Debug|Any CPU.Build.0 = Debug|Any CPU
		{8AA4EEDC-DBC9-4491-9CB3-3963F3953815}.Release|Any CPU.ActiveCfg = Release|Any CPU
		{8AA4EEDC-DBC9-4491-9CB3-3963F3953815}.Release|Any CPU.Build.0 = Release|Any CPU
		{5ABF143D-8FF6-4227-B5B1-781C58C84536}.Debug|Any CPU.ActiveCfg = Debug|Any CPU
		{5ABF143D-8FF6-4227-B5B1-781C58C84536}.Debug|Any CPU.Build.0 = Debug|Any CPU
		{5ABF143D-8FF6-4227-B5B1-781C58C84536}.Release|Any CPU.ActiveCfg = Release|Any CPU
		{5ABF143D-8FF6-4227-B5B1-781C58C84536}.Release|Any CPU.Build.0 = Release|Any CPU
		{0B3D1F1D-0EF2-4B8C-90EB-CBAC0708EB8D}.Debug|Any CPU.ActiveCfg = Debug|Any CPU
		{0B3D1F1D-0EF2-4B8C-90EB-CBAC0708EB8D}.Debug|Any CPU.Build.0 = Debug|Any CPU
		{0B3D1F1D-0EF2-4B8C-90EB-CBAC0708EB8D}.Release|Any CPU.ActiveCfg = Release|Any CPU
		{0B3D1F1D-0EF2-4B8C-90EB-CBAC0708EB8D}.Release|Any CPU.Build.0 = Release|Any CPU
	EndGlobalSection
	GlobalSection(SolutionProperties) = preSolution
		HideSolutionNode = FALSE
	EndGlobalSection
	GlobalSection(ExtensibilityGlobals) = postSolution
		SolutionGuid = {2C7B535D-C73A-46CC-A094-3BA55E00FBF8}
	EndGlobalSection
EndGlobal
